
Microsoft Visual Studio Solution File, Format Version 12.00
# Visual Studio 14
VisualStudioVersion = 14.0.25420.1
MinimumVisualStudioVersion = 10.0.40219.1
Project("{FAE04EC0-301F-11D3-BF4B-00C04F79EFBC}") = "NetTypeS", "NetTypeS\NetTypeS.csproj", "{F17DF5D1-AECE-4154-AD73-E385D1C72BB0}"
EndProject
Project("{FAE04EC0-301F-11D3-BF4B-00C04F79EFBC}") = "NetTypeS.Example", "NetTypeS.Example\NetTypeS.Example.csproj", "{4C3C15DC-BB07-4DB2-8883-EE0681C3D7B5}"
EndProject
Project("{2150E333-8FDC-42A3-9474-1A3956D46DE8}") = "NuGet", "NuGet", "{62672249-4283-458B-BC12-0DD34BE5D961}"
	ProjectSection(SolutionItems) = preProject
		..\..\nuget\NetTypeS.nuspec = ..\..\nuget\NetTypeS.nuspec
	EndProjectSection
EndProject
Project("{2150E333-8FDC-42A3-9474-1A3956D46DE8}") = "Solution Items", "Solution Items", "{D8309479-2907-462E-BA85-D3EF95AD6958}"
	ProjectSection(SolutionItems) = preProject
		..\..\LICENSE = ..\..\LICENSE
		..\..\README.md = ..\..\README.md
	EndProjectSection
EndProject
Project("{FAE04EC0-301F-11D3-BF4B-00C04F79EFBC}") = "NetTypeS.WebApi", "NetTypeS.WebApi\NetTypeS.WebApi.csproj", "{66C973B7-9550-4F2F-AEF2-26141AE91F4C}"
EndProject
Project("{FAE04EC0-301F-11D3-BF4B-00C04F79EFBC}") = "NetTypeS.Console", "NetTypeS.Console\NetTypeS.Console.csproj", "{DC359DB9-3A0F-4EBF-8DDF-89E1626DABB7}"
EndProject
Global
	GlobalSection(SolutionConfigurationPlatforms) = preSolution
		Debug|Any CPU = Debug|Any CPU
		Release|Any CPU = Release|Any CPU
	EndGlobalSection
	GlobalSection(ProjectConfigurationPlatforms) = postSolution
		{F17DF5D1-AECE-4154-AD73-E385D1C72BB0}.Debug|Any CPU.ActiveCfg = Debug|Any CPU
		{F17DF5D1-AECE-4154-AD73-E385D1C72BB0}.Debug|Any CPU.Build.0 = Debug|Any CPU
		{F17DF5D1-AECE-4154-AD73-E385D1C72BB0}.Release|Any CPU.ActiveCfg = Release|Any CPU
		{F17DF5D1-AECE-4154-AD73-E385D1C72BB0}.Release|Any CPU.Build.0 = Release|Any CPU
		{4C3C15DC-BB07-4DB2-8883-EE0681C3D7B5}.Debug|Any CPU.ActiveCfg = Debug|Any CPU
		{4C3C15DC-BB07-4DB2-8883-EE0681C3D7B5}.Debug|Any CPU.Build.0 = Debug|Any CPU
		{4C3C15DC-BB07-4DB2-8883-EE0681C3D7B5}.Release|Any CPU.ActiveCfg = Release|Any CPU
		{4C3C15DC-BB07-4DB2-8883-EE0681C3D7B5}.Release|Any CPU.Build.0 = Release|Any CPU
		{66C973B7-9550-4F2F-AEF2-26141AE91F4C}.Debug|Any CPU.ActiveCfg = Debug|Any CPU
		{66C973B7-9550-4F2F-AEF2-26141AE91F4C}.Debug|Any CPU.Build.0 = Debug|Any CPU
		{66C973B7-9550-4F2F-AEF2-26141AE91F4C}.Release|Any CPU.ActiveCfg = Release|Any CPU
		{66C973B7-9550-4F2F-AEF2-26141AE91F4C}.Release|Any CPU.Build.0 = Release|Any CPU
		{DC359DB9-3A0F-4EBF-8DDF-89E1626DABB7}.Debug|Any CPU.ActiveCfg = Debug|Any CPU
		{DC359DB9-3A0F-4EBF-8DDF-89E1626DABB7}.Debug|Any CPU.Build.0 = Debug|Any CPU
		{DC359DB9-3A0F-4EBF-8DDF-89E1626DABB7}.Release|Any CPU.ActiveCfg = Release|Any CPU
		{DC359DB9-3A0F-4EBF-8DDF-89E1626DABB7}.Release|Any CPU.Build.0 = Release|Any CPU
	EndGlobalSection
	GlobalSection(SolutionProperties) = preSolution
		HideSolutionNode = FALSE
	EndGlobalSection
EndGlobal
