
Microsoft Visual Studio Solution File, Format Version 12.00
# Visual Studio 15
VisualStudioVersion = 15.0.27703.2018
MinimumVisualStudioVersion = 10.0.40219.1
Project("{9A19103F-16F7-4668-BE54-9A1E7A4F7556}") = "NetTypeS", "NetTypeS\NetTypeS.csproj", "{EB212F38-2625-4363-997F-1F22AEC236F7}"
EndProject
Project("{FAE04EC0-301F-11D3-BF4B-00C04F79EFBC}") = "NetTypeS.WebApi", "NetTypeS.WebApi\NetTypeS.WebApi.csproj", "{7B9732C9-A825-484D-B0F4-03CD192F616F}"
EndProject
Global
	GlobalSection(SolutionConfigurationPlatforms) = preSolution
		Debug|Any CPU = Debug|Any CPU
		Release|Any CPU = Release|Any CPU
	EndGlobalSection
	GlobalSection(ProjectConfigurationPlatforms) = postSolution
		{EB212F38-2625-4363-997F-1F22AEC236F7}.Debug|Any CPU.ActiveCfg = Debug|Any CPU
		{EB212F38-2625-4363-997F-1F22AEC236F7}.Debug|Any CPU.Build.0 = Debug|Any CPU
		{EB212F38-2625-4363-997F-1F22AEC236F7}.Release|Any CPU.ActiveCfg = Release|Any CPU
		{EB212F38-2625-4363-997F-1F22AEC236F7}.Release|Any CPU.Build.0 = Release|Any CPU
		{7B9732C9-A825-484D-B0F4-03CD192F616F}.Debug|Any CPU.ActiveCfg = Debug|Any CPU
		{7B9732C9-A825-484D-B0F4-03CD192F616F}.Debug|Any CPU.Build.0 = Debug|Any CPU
		{7B9732C9-A825-484D-B0F4-03CD192F616F}.Release|Any CPU.ActiveCfg = Release|Any CPU
		{7B9732C9-A825-484D-B0F4-03CD192F616F}.Release|Any CPU.Build.0 = Release|Any CPU
	EndGlobalSection
	GlobalSection(SolutionProperties) = preSolution
		HideSolutionNode = FALSE
	EndGlobalSection
	GlobalSection(ExtensibilityGlobals) = postSolution
		SolutionGuid = {F1A38B0F-588C-49E6-AEFF-B41B2C11AF85}
	EndGlobalSection
EndGlobal
